// !$*UTF8*$!
{
	archiveVersion = 1;
	classes = {
	};
	objectVersion = 55;
	objects = {

/* Begin PBXBuildFile section */
		1B964BFB2852BDEB004B4C41 /* AppDelegate.swift in Sources */ = {isa = PBXBuildFile; fileRef = 1B964BFA2852BDEB004B4C41 /* AppDelegate.swift */; };
		1B964BFD2852BDEB004B4C41 /* SceneDelegate.swift in Sources */ = {isa = PBXBuildFile; fileRef = 1B964BFC2852BDEB004B4C41 /* SceneDelegate.swift */; };
		1B964BFF2852BDEB004B4C41 /* SignInViewController.swift in Sources */ = {isa = PBXBuildFile; fileRef = 1B964BFE2852BDEB004B4C41 /* SignInViewController.swift */; };
		1B964C022852BDEB004B4C41 /* Main.storyboard in Resources */ = {isa = PBXBuildFile; fileRef = 1B964C002852BDEB004B4C41 /* Main.storyboard */; };
		1B964C042852BDF1004B4C41 /* Assets.xcassets in Resources */ = {isa = PBXBuildFile; fileRef = 1B964C032852BDF1004B4C41 /* Assets.xcassets */; };
		1B964C072852BDF1004B4C41 /* LaunchScreen.storyboard in Resources */ = {isa = PBXBuildFile; fileRef = 1B964C052852BDF1004B4C41 /* LaunchScreen.storyboard */; };
		1B964C0F2852E905004B4C41 /* SignInView.swift in Sources */ = {isa = PBXBuildFile; fileRef = 1B964C0E2852E905004B4C41 /* SignInView.swift */; };
		1B964C132852E960004B4C41 /* Alamofire in Frameworks */ = {isa = PBXBuildFile; productRef = 1B964C122852E960004B4C41 /* Alamofire */; };
		1B964C162852E991004B4C41 /* Then in Frameworks */ = {isa = PBXBuildFile; productRef = 1B964C152852E991004B4C41 /* Then */; };
		1B964C192852EAEA004B4C41 /* SnapKit in Frameworks */ = {isa = PBXBuildFile; productRef = 1B964C182852EAEA004B4C41 /* SnapKit */; };
		1B964C1C2852ED80004B4C41 /* APIService.swift in Sources */ = {isa = PBXBuildFile; fileRef = 1B964C1B2852ED80004B4C41 /* APIService.swift */; };
		1B964C1E2852F045004B4C41 /* User.swift in Sources */ = {isa = PBXBuildFile; fileRef = 1B964C1D2852F045004B4C41 /* User.swift */; };
		1B964C202852F374004B4C41 /* MainViewController.swift in Sources */ = {isa = PBXBuildFile; fileRef = 1B964C1F2852F374004B4C41 /* MainViewController.swift */; };
		1B964C222852F62D004B4C41 /* SignInViewModel.swift in Sources */ = {isa = PBXBuildFile; fileRef = 1B964C212852F62D004B4C41 /* SignInViewModel.swift */; };
		1B964C242852F693004B4C41 /* Observable.swift in Sources */ = {isa = PBXBuildFile; fileRef = 1B964C232852F693004B4C41 /* Observable.swift */; };
		1B964C262852FFC6004B4C41 /* LottoViewController.swift in Sources */ = {isa = PBXBuildFile; fileRef = 1B964C252852FFC6004B4C41 /* LottoViewController.swift */; };
		1B964C28285301F5004B4C41 /* LottoView.swift in Sources */ = {isa = PBXBuildFile; fileRef = 1B964C27285301F5004B4C41 /* LottoView.swift */; };
		1B964C2A2853034C004B4C41 /* Lotto.swift in Sources */ = {isa = PBXBuildFile; fileRef = 1B964C292853034C004B4C41 /* Lotto.swift */; };
		1B964C31285304A1004B4C41 /* LottoViewModel.swift in Sources */ = {isa = PBXBuildFile; fileRef = 1B964C30285304A1004B4C41 /* LottoViewModel.swift */; };
		1B964C3328531B95004B4C41 /* Person.swift in Sources */ = {isa = PBXBuildFile; fileRef = 1B964C3228531B95004B4C41 /* Person.swift */; };
		1B964C3628531C75004B4C41 /* PersonViewModel.swift in Sources */ = {isa = PBXBuildFile; fileRef = 1B964C3528531C75004B4C41 /* PersonViewModel.swift */; };
		1B964C38285331EE004B4C41 /* PersonViewController.swift in Sources */ = {isa = PBXBuildFile; fileRef = 1B964C37285331EE004B4C41 /* PersonViewController.swift */; };
/* End PBXBuildFile section */

/* Begin PBXFileReference section */
		1B964BF72852BDEB004B4C41 /* My14weeks.app */ = {isa = PBXFileReference; explicitFileType = wrapper.application; includeInIndex = 0; path = My14weeks.app; sourceTree = BUILT_PRODUCTS_DIR; };
		1B964BFA2852BDEB004B4C41 /* AppDelegate.swift */ = {isa = PBXFileReference; lastKnownFileType = sourcecode.swift; path = AppDelegate.swift; sourceTree = "<group>"; };
		1B964BFC2852BDEB004B4C41 /* SceneDelegate.swift */ = {isa = PBXFileReference; lastKnownFileType = sourcecode.swift; path = SceneDelegate.swift; sourceTree = "<group>"; };
		1B964BFE2852BDEB004B4C41 /* SignInViewController.swift */ = {isa = PBXFileReference; lastKnownFileType = sourcecode.swift; path = SignInViewController.swift; sourceTree = "<group>"; };
		1B964C012852BDEB004B4C41 /* Base */ = {isa = PBXFileReference; lastKnownFileType = file.storyboard; name = Base; path = Base.lproj/Main.storyboard; sourceTree = "<group>"; };
		1B964C032852BDF1004B4C41 /* Assets.xcassets */ = {isa = PBXFileReference; lastKnownFileType = folder.assetcatalog; path = Assets.xcassets; sourceTree = "<group>"; };
		1B964C062852BDF1004B4C41 /* Base */ = {isa = PBXFileReference; lastKnownFileType = file.storyboard; name = Base; path = Base.lproj/LaunchScreen.storyboard; sourceTree = "<group>"; };
		1B964C082852BDF1004B4C41 /* Info.plist */ = {isa = PBXFileReference; lastKnownFileType = text.plist.xml; path = Info.plist; sourceTree = "<group>"; };
		1B964C0E2852E905004B4C41 /* SignInView.swift */ = {isa = PBXFileReference; lastKnownFileType = sourcecode.swift; path = SignInView.swift; sourceTree = "<group>"; };
		1B964C1B2852ED80004B4C41 /* APIService.swift */ = {isa = PBXFileReference; lastKnownFileType = sourcecode.swift; path = APIService.swift; sourceTree = "<group>"; };
		1B964C1D2852F045004B4C41 /* User.swift */ = {isa = PBXFileReference; lastKnownFileType = sourcecode.swift; path = User.swift; sourceTree = "<group>"; };
		1B964C1F2852F374004B4C41 /* MainViewController.swift */ = {isa = PBXFileReference; lastKnownFileType = sourcecode.swift; path = MainViewController.swift; sourceTree = "<group>"; };
		1B964C212852F62D004B4C41 /* SignInViewModel.swift */ = {isa = PBXFileReference; lastKnownFileType = sourcecode.swift; path = SignInViewModel.swift; sourceTree = "<group>"; };
		1B964C232852F693004B4C41 /* Observable.swift */ = {isa = PBXFileReference; lastKnownFileType = sourcecode.swift; path = Observable.swift; sourceTree = "<group>"; };
		1B964C252852FFC6004B4C41 /* LottoViewController.swift */ = {isa = PBXFileReference; lastKnownFileType = sourcecode.swift; path = LottoViewController.swift; sourceTree = "<group>"; };
		1B964C27285301F5004B4C41 /* LottoView.swift */ = {isa = PBXFileReference; lastKnownFileType = sourcecode.swift; path = LottoView.swift; sourceTree = "<group>"; };
		1B964C292853034C004B4C41 /* Lotto.swift */ = {isa = PBXFileReference; lastKnownFileType = sourcecode.swift; path = Lotto.swift; sourceTree = "<group>"; };
		1B964C30285304A1004B4C41 /* LottoViewModel.swift */ = {isa = PBXFileReference; lastKnownFileType = sourcecode.swift; path = LottoViewModel.swift; sourceTree = "<group>"; };
		1B964C3228531B95004B4C41 /* Person.swift */ = {isa = PBXFileReference; lastKnownFileType = sourcecode.swift; path = Person.swift; sourceTree = "<group>"; };
		1B964C3528531C75004B4C41 /* PersonViewModel.swift */ = {isa = PBXFileReference; lastKnownFileType = sourcecode.swift; path = PersonViewModel.swift; sourceTree = "<group>"; };
		1B964C37285331EE004B4C41 /* PersonViewController.swift */ = {isa = PBXFileReference; lastKnownFileType = sourcecode.swift; path = PersonViewController.swift; sourceTree = "<group>"; };
/* End PBXFileReference section */

/* Begin PBXFrameworksBuildPhase section */
		1B964BF42852BDEB004B4C41 /* Frameworks */ = {
			isa = PBXFrameworksBuildPhase;
			buildActionMask = 2147483647;
			files = (
				1B964C192852EAEA004B4C41 /* SnapKit in Frameworks */,
				1B964C132852E960004B4C41 /* Alamofire in Frameworks */,
				1B964C162852E991004B4C41 /* Then in Frameworks */,
			);
			runOnlyForDeploymentPostprocessing = 0;
		};
/* End PBXFrameworksBuildPhase section */

/* Begin PBXGroup section */
		1B964BEE2852BDEB004B4C41 = {
			isa = PBXGroup;
			children = (
				1B964BF92852BDEB004B4C41 /* My14weeks */,
				1B964BF82852BDEB004B4C41 /* Products */,
			);
			sourceTree = "<group>";
		};
		1B964BF82852BDEB004B4C41 /* Products */ = {
			isa = PBXGroup;
			children = (
				1B964BF72852BDEB004B4C41 /* My14weeks.app */,
			);
			name = Products;
			sourceTree = "<group>";
		};
		1B964BF92852BDEB004B4C41 /* My14weeks */ = {
			isa = PBXGroup;
			children = (
				1B964C3428531C6A004B4C41 /* Person */,
				1B964C2B28530367004B4C41 /* Lotto */,
				1B964BFA2852BDEB004B4C41 /* AppDelegate.swift */,
				1B964C1B2852ED80004B4C41 /* APIService.swift */,
				1B964C1D2852F045004B4C41 /* User.swift */,
				1B964C252852FFC6004B4C41 /* LottoViewController.swift */,
				1B964C27285301F5004B4C41 /* LottoView.swift */,
				1B964BFC2852BDEB004B4C41 /* SceneDelegate.swift */,
				1B964C212852F62D004B4C41 /* SignInViewModel.swift */,
				1B964C232852F693004B4C41 /* Observable.swift */,
				1B964C3228531B95004B4C41 /* Person.swift */,
				1B964BFE2852BDEB004B4C41 /* SignInViewController.swift */,
				1B964C1F2852F374004B4C41 /* MainViewController.swift */,
				1B964C0E2852E905004B4C41 /* SignInView.swift */,
				1B964C002852BDEB004B4C41 /* Main.storyboard */,
				1B964C032852BDF1004B4C41 /* Assets.xcassets */,
				1B964C052852BDF1004B4C41 /* LaunchScreen.storyboard */,
				1B964C082852BDF1004B4C41 /* Info.plist */,
			);
			path = My14weeks;
			sourceTree = "<group>";
		};
		1B964C2B28530367004B4C41 /* Lotto */ = {
			isa = PBXGroup;
			children = (
				1B964C2F28530497004B4C41 /* ViewModel */,
				1B964C2C28530387004B4C41 /* Model */,
			);
			path = Lotto;
			sourceTree = "<group>";
		};
		1B964C2C28530387004B4C41 /* Model */ = {
			isa = PBXGroup;
			children = (
				1B964C292853034C004B4C41 /* Lotto.swift */,
			);
			path = Model;
			sourceTree = "<group>";
		};
		1B964C2F28530497004B4C41 /* ViewModel */ = {
			isa = PBXGroup;
			children = (
				1B964C30285304A1004B4C41 /* LottoViewModel.swift */,
			);
			path = ViewModel;
			sourceTree = "<group>";
		};
		1B964C3428531C6A004B4C41 /* Person */ = {
			isa = PBXGroup;
			children = (
				1B964C3528531C75004B4C41 /* PersonViewModel.swift */,
				1B964C37285331EE004B4C41 /* PersonViewController.swift */,
			);
			path = Person;
			sourceTree = "<group>";
		};
/* End PBXGroup section */

/* Begin PBXNativeTarget section */
		1B964BF62852BDEB004B4C41 /* My14weeks */ = {
			isa = PBXNativeTarget;
			buildConfigurationList = 1B964C0B2852BDF1004B4C41 /* Build configuration list for PBXNativeTarget "My14weeks" */;
			buildPhases = (
				1B964BF32852BDEB004B4C41 /* Sources */,
				1B964BF42852BDEB004B4C41 /* Frameworks */,
				1B964BF52852BDEB004B4C41 /* Resources */,
			);
			buildRules = (
			);
			dependencies = (
			);
			name = My14weeks;
			packageProductDependencies = (
				1B964C122852E960004B4C41 /* Alamofire */,
				1B964C152852E991004B4C41 /* Then */,
				1B964C182852EAEA004B4C41 /* SnapKit */,
			);
			productName = My14weeks;
			productReference = 1B964BF72852BDEB004B4C41 /* My14weeks.app */;
			productType = "com.apple.product-type.application";
		};
/* End PBXNativeTarget section */

/* Begin PBXProject section */
		1B964BEF2852BDEB004B4C41 /* Project object */ = {
			isa = PBXProject;
			attributes = {
				BuildIndependentTargetsInParallel = 1;
				LastSwiftUpdateCheck = 1330;
				LastUpgradeCheck = 1330;
				TargetAttributes = {
					1B964BF62852BDEB004B4C41 = {
						CreatedOnToolsVersion = 13.3.1;
					};
				};
			};
			buildConfigurationList = 1B964BF22852BDEB004B4C41 /* Build configuration list for PBXProject "My14weeks" */;
			compatibilityVersion = "Xcode 13.0";
			developmentRegion = en;
			hasScannedForEncodings = 0;
			knownRegions = (
				en,
				Base,
			);
			mainGroup = 1B964BEE2852BDEB004B4C41;
			packageReferences = (
				1B964C112852E960004B4C41 /* XCRemoteSwiftPackageReference "Alamofire" */,
				1B964C142852E991004B4C41 /* XCRemoteSwiftPackageReference "Then" */,
				1B964C172852EAEA004B4C41 /* XCRemoteSwiftPackageReference "SnapKit" */,
			);
			productRefGroup = 1B964BF82852BDEB004B4C41 /* Products */;
			projectDirPath = "";
			projectRoot = "";
			targets = (
				1B964BF62852BDEB004B4C41 /* My14weeks */,
			);
		};
/* End PBXProject section */

/* Begin PBXResourcesBuildPhase section */
		1B964BF52852BDEB004B4C41 /* Resources */ = {
			isa = PBXResourcesBuildPhase;
			buildActionMask = 2147483647;
			files = (
				1B964C072852BDF1004B4C41 /* LaunchScreen.storyboard in Resources */,
				1B964C042852BDF1004B4C41 /* Assets.xcassets in Resources */,
				1B964C022852BDEB004B4C41 /* Main.storyboard in Resources */,
			);
			runOnlyForDeploymentPostprocessing = 0;
		};
/* End PBXResourcesBuildPhase section */

/* Begin PBXSourcesBuildPhase section */
		1B964BF32852BDEB004B4C41 /* Sources */ = {
			isa = PBXSourcesBuildPhase;
			buildActionMask = 2147483647;
			files = (
				1B964C2A2853034C004B4C41 /* Lotto.swift in Sources */,
				1B964C202852F374004B4C41 /* MainViewController.swift in Sources */,
				1B964BFF2852BDEB004B4C41 /* SignInViewController.swift in Sources */,
				1B964C1C2852ED80004B4C41 /* APIService.swift in Sources */,
				1B964C3328531B95004B4C41 /* Person.swift in Sources */,
				1B964C1E2852F045004B4C41 /* User.swift in Sources */,
				1B964C3628531C75004B4C41 /* PersonViewModel.swift in Sources */,
				1B964C242852F693004B4C41 /* Observable.swift in Sources */,
				1B964C262852FFC6004B4C41 /* LottoViewController.swift in Sources */,
				1B964C222852F62D004B4C41 /* SignInViewModel.swift in Sources */,
				1B964C28285301F5004B4C41 /* LottoView.swift in Sources */,
				1B964C38285331EE004B4C41 /* PersonViewController.swift in Sources */,
				1B964C31285304A1004B4C41 /* LottoViewModel.swift in Sources */,
				1B964BFB2852BDEB004B4C41 /* AppDelegate.swift in Sources */,
				1B964C0F2852E905004B4C41 /* SignInView.swift in Sources */,
				1B964BFD2852BDEB004B4C41 /* SceneDelegate.swift in Sources */,
			);
			runOnlyForDeploymentPostprocessing = 0;
		};
/* End PBXSourcesBuildPhase section */

/* Begin PBXVariantGroup section */
		1B964C002852BDEB004B4C41 /* Main.storyboard */ = {
			isa = PBXVariantGroup;
			children = (
				1B964C012852BDEB004B4C41 /* Base */,
			);
			name = Main.storyboard;
			sourceTree = "<group>";
		};
		1B964C052852BDF1004B4C41 /* LaunchScreen.storyboard */ = {
			isa = PBXVariantGroup;
			children = (
				1B964C062852BDF1004B4C41 /* Base */,
			);
			name = LaunchScreen.storyboard;
			sourceTree = "<group>";
		};
/* End PBXVariantGroup section */

/* Begin XCBuildConfiguration section */
		1B964C092852BDF1004B4C41 /* Debug */ = {
			isa = XCBuildConfiguration;
			buildSettings = {
				ALWAYS_SEARCH_USER_PATHS = NO;
				CLANG_ANALYZER_NONNULL = YES;
				CLANG_ANALYZER_NUMBER_OBJECT_CONVERSION = YES_AGGRESSIVE;
				CLANG_CXX_LANGUAGE_STANDARD = "gnu++17";
				CLANG_ENABLE_MODULES = YES;
				CLANG_ENABLE_OBJC_ARC = YES;
				CLANG_ENABLE_OBJC_WEAK = YES;
				CLANG_WARN_BLOCK_CAPTURE_AUTORELEASING = YES;
				CLANG_WARN_BOOL_CONVERSION = YES;
				CLANG_WARN_COMMA = YES;
				CLANG_WARN_CONSTANT_CONVERSION = YES;
				CLANG_WARN_DEPRECATED_OBJC_IMPLEMENTATIONS = YES;
				CLANG_WARN_DIRECT_OBJC_ISA_USAGE = YES_ERROR;
				CLANG_WARN_DOCUMENTATION_COMMENTS = YES;
				CLANG_WARN_EMPTY_BODY = YES;
				CLANG_WARN_ENUM_CONVERSION = YES;
				CLANG_WARN_INFINITE_RECURSION = YES;
				CLANG_WARN_INT_CONVERSION = YES;
				CLANG_WARN_NON_LITERAL_NULL_CONVERSION = YES;
				CLANG_WARN_OBJC_IMPLICIT_RETAIN_SELF = YES;
				CLANG_WARN_OBJC_LITERAL_CONVERSION = YES;
				CLANG_WARN_OBJC_ROOT_CLASS = YES_ERROR;
				CLANG_WARN_QUOTED_INCLUDE_IN_FRAMEWORK_HEADER = YES;
				CLANG_WARN_RANGE_LOOP_ANALYSIS = YES;
				CLANG_WARN_STRICT_PROTOTYPES = YES;
				CLANG_WARN_SUSPICIOUS_MOVE = YES;
				CLANG_WARN_UNGUARDED_AVAILABILITY = YES_AGGRESSIVE;
				CLANG_WARN_UNREACHABLE_CODE = YES;
				CLANG_WARN__DUPLICATE_METHOD_MATCH = YES;
				COPY_PHASE_STRIP = NO;
				DEBUG_INFORMATION_FORMAT = dwarf;
				ENABLE_STRICT_OBJC_MSGSEND = YES;
				ENABLE_TESTABILITY = YES;
				GCC_C_LANGUAGE_STANDARD = gnu11;
				GCC_DYNAMIC_NO_PIC = NO;
				GCC_NO_COMMON_BLOCKS = YES;
				GCC_OPTIMIZATION_LEVEL = 0;
				GCC_PREPROCESSOR_DEFINITIONS = (
					"DEBUG=1",
					"$(inherited)",
				);
				GCC_WARN_64_TO_32_BIT_CONVERSION = YES;
				GCC_WARN_ABOUT_RETURN_TYPE = YES_ERROR;
				GCC_WARN_UNDECLARED_SELECTOR = YES;
				GCC_WARN_UNINITIALIZED_AUTOS = YES_AGGRESSIVE;
				GCC_WARN_UNUSED_FUNCTION = YES;
				GCC_WARN_UNUSED_VARIABLE = YES;
				IPHONEOS_DEPLOYMENT_TARGET = 15.4;
				MTL_ENABLE_DEBUG_INFO = INCLUDE_SOURCE;
				MTL_FAST_MATH = YES;
				ONLY_ACTIVE_ARCH = YES;
				SDKROOT = iphoneos;
				SWIFT_ACTIVE_COMPILATION_CONDITIONS = DEBUG;
				SWIFT_OPTIMIZATION_LEVEL = "-Onone";
			};
			name = Debug;
		};
		1B964C0A2852BDF1004B4C41 /* Release */ = {
			isa = XCBuildConfiguration;
			buildSettings = {
				ALWAYS_SEARCH_USER_PATHS = NO;
				CLANG_ANALYZER_NONNULL = YES;
				CLANG_ANALYZER_NUMBER_OBJECT_CONVERSION = YES_AGGRESSIVE;
				CLANG_CXX_LANGUAGE_STANDARD = "gnu++17";
				CLANG_ENABLE_MODULES = YES;
				CLANG_ENABLE_OBJC_ARC = YES;
				CLANG_ENABLE_OBJC_WEAK = YES;
				CLANG_WARN_BLOCK_CAPTURE_AUTORELEASING = YES;
				CLANG_WARN_BOOL_CONVERSION = YES;
				CLANG_WARN_COMMA = YES;
				CLANG_WARN_CONSTANT_CONVERSION = YES;
				CLANG_WARN_DEPRECATED_OBJC_IMPLEMENTATIONS = YES;
				CLANG_WARN_DIRECT_OBJC_ISA_USAGE = YES_ERROR;
				CLANG_WARN_DOCUMENTATION_COMMENTS = YES;
				CLANG_WARN_EMPTY_BODY = YES;
				CLANG_WARN_ENUM_CONVERSION = YES;
				CLANG_WARN_INFINITE_RECURSION = YES;
				CLANG_WARN_INT_CONVERSION = YES;
				CLANG_WARN_NON_LITERAL_NULL_CONVERSION = YES;
				CLANG_WARN_OBJC_IMPLICIT_RETAIN_SELF = YES;
				CLANG_WARN_OBJC_LITERAL_CONVERSION = YES;
				CLANG_WARN_OBJC_ROOT_CLASS = YES_ERROR;
				CLANG_WARN_QUOTED_INCLUDE_IN_FRAMEWORK_HEADER = YES;
				CLANG_WARN_RANGE_LOOP_ANALYSIS = YES;
				CLANG_WARN_STRICT_PROTOTYPES = YES;
				CLANG_WARN_SUSPICIOUS_MOVE = YES;
				CLANG_WARN_UNGUARDED_AVAILABILITY = YES_AGGRESSIVE;
				CLANG_WARN_UNREACHABLE_CODE = YES;
				CLANG_WARN__DUPLICATE_METHOD_MATCH = YES;
				COPY_PHASE_STRIP = NO;
				DEBUG_INFORMATION_FORMAT = "dwarf-with-dsym";
				ENABLE_NS_ASSERTIONS = NO;
				ENABLE_STRICT_OBJC_MSGSEND = YES;
				GCC_C_LANGUAGE_STANDARD = gnu11;
				GCC_NO_COMMON_BLOCKS = YES;
				GCC_WARN_64_TO_32_BIT_CONVERSION = YES;
				GCC_WARN_ABOUT_RETURN_TYPE = YES_ERROR;
				GCC_WARN_UNDECLARED_SELECTOR = YES;
				GCC_WARN_UNINITIALIZED_AUTOS = YES_AGGRESSIVE;
				GCC_WARN_UNUSED_FUNCTION = YES;
				GCC_WARN_UNUSED_VARIABLE = YES;
				IPHONEOS_DEPLOYMENT_TARGET = 15.4;
				MTL_ENABLE_DEBUG_INFO = NO;
				MTL_FAST_MATH = YES;
				SDKROOT = iphoneos;
				SWIFT_COMPILATION_MODE = wholemodule;
				SWIFT_OPTIMIZATION_LEVEL = "-O";
				VALIDATE_PRODUCT = YES;
			};
			name = Release;
		};
		1B964C0C2852BDF1004B4C41 /* Debug */ = {
			isa = XCBuildConfiguration;
			buildSettings = {
				ASSETCATALOG_COMPILER_APPICON_NAME = AppIcon;
				ASSETCATALOG_COMPILER_GLOBAL_ACCENT_COLOR_NAME = AccentColor;
				CODE_SIGN_STYLE = Automatic;
				CURRENT_PROJECT_VERSION = 1;
				GENERATE_INFOPLIST_FILE = YES;
				INFOPLIST_FILE = My14weeks/Info.plist;
				INFOPLIST_KEY_UIApplicationSupportsIndirectInputEvents = YES;
				INFOPLIST_KEY_UILaunchStoryboardName = LaunchScreen;
				INFOPLIST_KEY_UISupportedInterfaceOrientations_iPad = "UIInterfaceOrientationPortrait UIInterfaceOrientationPortraitUpsideDown UIInterfaceOrientationLandscapeLeft UIInterfaceOrientationLandscapeRight";
				INFOPLIST_KEY_UISupportedInterfaceOrientations_iPhone = "UIInterfaceOrientationPortrait UIInterfaceOrientationLandscapeLeft UIInterfaceOrientationLandscapeRight";
				LD_RUNPATH_SEARCH_PATHS = (
					"$(inherited)",
					"@executable_path/Frameworks",
				);
				MARKETING_VERSION = 1.0;
				PRODUCT_BUNDLE_IDENTIFIER = com.bro.My14weeks;
				PRODUCT_NAME = "$(TARGET_NAME)";
				SWIFT_EMIT_LOC_STRINGS = YES;
				SWIFT_VERSION = 5.0;
				TARGETED_DEVICE_FAMILY = "1,2";
			};
			name = Debug;
		};
		1B964C0D2852BDF1004B4C41 /* Release */ = {
			isa = XCBuildConfiguration;
			buildSettings = {
				ASSETCATALOG_COMPILER_APPICON_NAME = AppIcon;
				ASSETCATALOG_COMPILER_GLOBAL_ACCENT_COLOR_NAME = AccentColor;
				CODE_SIGN_STYLE = Automatic;
				CURRENT_PROJECT_VERSION = 1;
				GENERATE_INFOPLIST_FILE = YES;
				INFOPLIST_FILE = My14weeks/Info.plist;
				INFOPLIST_KEY_UIApplicationSupportsIndirectInputEvents = YES;
				INFOPLIST_KEY_UILaunchStoryboardName = LaunchScreen;
				INFOPLIST_KEY_UISupportedInterfaceOrientations_iPad = "UIInterfaceOrientationPortrait UIInterfaceOrientationPortraitUpsideDown UIInterfaceOrientationLandscapeLeft UIInterfaceOrientationLandscapeRight";
				INFOPLIST_KEY_UISupportedInterfaceOrientations_iPhone = "UIInterfaceOrientationPortrait UIInterfaceOrientationLandscapeLeft UIInterfaceOrientationLandscapeRight";
				LD_RUNPATH_SEARCH_PATHS = (
					"$(inherited)",
					"@executable_path/Frameworks",
				);
				MARKETING_VERSION = 1.0;
				PRODUCT_BUNDLE_IDENTIFIER = com.bro.My14weeks;
				PRODUCT_NAME = "$(TARGET_NAME)";
				SWIFT_EMIT_LOC_STRINGS = YES;
				SWIFT_VERSION = 5.0;
				TARGETED_DEVICE_FAMILY = "1,2";
			};
			name = Release;
		};
/* End XCBuildConfiguration section */

/* Begin XCConfigurationList section */
		1B964BF22852BDEB004B4C41 /* Build configuration list for PBXProject "My14weeks" */ = {
			isa = XCConfigurationList;
			buildConfigurations = (
				1B964C092852BDF1004B4C41 /* Debug */,
				1B964C0A2852BDF1004B4C41 /* Release */,
			);
			defaultConfigurationIsVisible = 0;
			defaultConfigurationName = Release;
		};
		1B964C0B2852BDF1004B4C41 /* Build configuration list for PBXNativeTarget "My14weeks" */ = {
			isa = XCConfigurationList;
			buildConfigurations = (
				1B964C0C2852BDF1004B4C41 /* Debug */,
				1B964C0D2852BDF1004B4C41 /* Release */,
			);
			defaultConfigurationIsVisible = 0;
			defaultConfigurationName = Release;
		};
/* End XCConfigurationList section */

/* Begin XCRemoteSwiftPackageReference section */
		1B964C112852E960004B4C41 /* XCRemoteSwiftPackageReference "Alamofire" */ = {
			isa = XCRemoteSwiftPackageReference;
			repositoryURL = "https://github.com/Alamofire/Alamofire.git";
			requirement = {
				branch = master;
				kind = branch;
			};
		};
		1B964C142852E991004B4C41 /* XCRemoteSwiftPackageReference "Then" */ = {
			isa = XCRemoteSwiftPackageReference;
			repositoryURL = "https://github.com/devxoul/Then.git";
			requirement = {
				branch = master;
				kind = branch;
			};
		};
		1B964C172852EAEA004B4C41 /* XCRemoteSwiftPackageReference "SnapKit" */ = {
			isa = XCRemoteSwiftPackageReference;
			repositoryURL = "https://github.com/SnapKit/SnapKit.git";
			requirement = {
				kind = upToNextMajorVersion;
				minimumVersion = 5.0.0;
			};
		};
/* End XCRemoteSwiftPackageReference section */

/* Begin XCSwiftPackageProductDependency section */
		1B964C122852E960004B4C41 /* Alamofire */ = {
			isa = XCSwiftPackageProductDependency;
			package = 1B964C112852E960004B4C41 /* XCRemoteSwiftPackageReference "Alamofire" */;
			productName = Alamofire;
		};
		1B964C152852E991004B4C41 /* Then */ = {
			isa = XCSwiftPackageProductDependency;
			package = 1B964C142852E991004B4C41 /* XCRemoteSwiftPackageReference "Then" */;
			productName = Then;
		};
		1B964C182852EAEA004B4C41 /* SnapKit */ = {
			isa = XCSwiftPackageProductDependency;
			package = 1B964C172852EAEA004B4C41 /* XCRemoteSwiftPackageReference "SnapKit" */;
			productName = SnapKit;
		};
/* End XCSwiftPackageProductDependency section */
	};
	rootObject = 1B964BEF2852BDEB004B4C41 /* Project object */;
}
